<?xml version="1.0" encoding="utf-8"?>
<Project ToolsVersion="4.0" xmlns="http://schemas.microsoft.com/developer/msbuild/2003">
  <ItemGroup>
    <Filter Include="Source Files">
      <UniqueIdentifier>{4FC737F1-C7A5-4376-A066-2A32D752A2FF}</UniqueIdentifier>
      <Extensions>cpp;c;cc;cxx;c++;cppm;ixx;def;odl;idl;hpj;bat;asm;asmx</Extensions>
    </Filter>
    <Filter Include="Header Files">
      <UniqueIdentifier>{93995380-89BD-4b04-88EB-625FBE52EBFB}</UniqueIdentifier>
      <Extensions>h;hh;hpp;hxx;h++;hm;inl;inc;ipp;xsd</Extensions>
    </Filter>
    <Filter Include="Resource Files">
      <UniqueIdentifier>{67DA6AB6-F800-4c08-8B7A-83BB121AAD01}</UniqueIdentifier>
      <Extensions>rc;ico;cur;bmp;dlg;rc2;rct;bin;rgs;gif;jpg;jpeg;jpe;resx;tiff;tif;png;wav;mfcribbon-ms</Extensions>
    </Filter>
    <Filter Include="Header Files\Oscillators">
      <UniqueIdentifier>{af3567b7-aef9-4ce3-8444-7f8466ac4703}</UniqueIdentifier>
    </Filter>
    <Filter Include="Header Files\OscillatorBanks">
      <UniqueIdentifier>{715251d0-4465-443c-bfa7-73f703fb5738}</UniqueIdentifier>
    </Filter>
  </ItemGroup>
  <ItemGroup>
    <ClCompile Include="WaveGenerator.cpp">
      <Filter>Source Files</Filter>
    </ClCompile>
    <ClCompile Include="CotanOscillator.h">
      <Filter>Header Files\Oscillators</Filter>
    </ClCompile>
  </ItemGroup>
  <ItemGroup>
    <ClInclude Include="Audiofile.h">
      <Filter>Header Files</Filter>
    </ClInclude>
    <ClInclude Include="standard_tuning_frequencies.h">
      <Filter>Header Files</Filter>
    </ClInclude>
    <ClInclude Include="definitions.h">
      <Filter>Header Files</Filter>
    </ClInclude>
    <ClInclude Include="Oscillator.h">
      <Filter>Header Files\Oscillators</Filter>
    </ClInclude>
    <ClInclude Include="TanOscillator.h">
      <Filter>Header Files\Oscillators</Filter>
    </ClInclude>
    <ClInclude Include="SawOscillator.h">
      <Filter>Header Files\Oscillators</Filter>
    </ClInclude>
    <ClInclude Include="SineOscillator.h">
      <Filter>Header Files\Oscillators</Filter>
    </ClInclude>
    <ClInclude Include="NoiseOscillator.h">
      <Filter>Header Files\Oscillators</Filter>
    </ClInclude>
    <ClInclude Include="HarmonicOscillator.h">
      <Filter>Header Files\Oscillators</Filter>
    </ClInclude>
    <ClInclude Include="AdditiveBank.h">
      <Filter>Header Files\OscillatorBanks</Filter>
    </ClInclude>
    <ClInclude Include="FMBank.h">
      <Filter>Header Files\OscillatorBanks</Filter>
    </ClInclude>
    <ClInclude Include="OscillatorBank.h">
      <Filter>Header Files\OscillatorBanks</Filter>
    </ClInclude>
    <ClInclude Include="requestUserInput.h">
      <Filter>Header Files</Filter>
    </ClInclude>
    <ClInclude Include="generateFiles.h">
      <Filter>Header Files</Filter>
    </ClInclude>
    <ClInclude Include="csv_parser.h">
      <Filter>Header Files</Filter>
    </ClInclude>
  </ItemGroup>
</Project>